
Microsoft Visual Studio Solution File, Format Version 12.00
# Visual Studio Version 17
VisualStudioVersion = 17.14.36414.22 d17.14
MinimumVisualStudioVersion = 10.0.40219.1
Project("{FAE04EC0-301F-11D3-BF4B-00C04F79EFBC}") = "Domain", "Domain\Domain.csproj", "{08E6ED66-6F36-48B9-A8F8-64D1F73AC4F7}"
EndProject
Project("{FAE04EC0-301F-11D3-BF4B-00C04F79EFBC}") = "Application", "Application\Application.csproj", "{E04FD13F-DF95-4FD2-BD20-62CDF247A598}"
EndProject
Project("{FAE04EC0-301F-11D3-BF4B-00C04F79EFBC}") = "Infrastructure", "Insfrastructure\Infrastructure.csproj", "{14427808-8E06-41A9-930C-177D2654B696}"
EndProject
Project("{FAE04EC0-301F-11D3-BF4B-00C04F79EFBC}") = "ApiDDD", "ApiDDD\ApiDDD.csproj", "{8DBD27B5-F613-486B-88B2-3E9B27B2A5E6}"
EndProject
Global
	GlobalSection(SolutionConfigurationPlatforms) = preSolution
		Debug|Any CPU = Debug|Any CPU
		Release|Any CPU = Release|Any CPU
	EndGlobalSection
	GlobalSection(ProjectConfigurationPlatforms) = postSolution
		{08E6ED66-6F36-48B9-A8F8-64D1F73AC4F7}.Debug|Any CPU.ActiveCfg = Debug|Any CPU
		{08E6ED66-6F36-48B9-A8F8-64D1F73AC4F7}.Debug|Any CPU.Build.0 = Debug|Any CPU
		{08E6ED66-6F36-48B9-A8F8-64D1F73AC4F7}.Release|Any CPU.ActiveCfg = Release|Any CPU
		{08E6ED66-6F36-48B9-A8F8-64D1F73AC4F7}.Release|Any CPU.Build.0 = Release|Any CPU
		{E04FD13F-DF95-4FD2-BD20-62CDF247A598}.Debug|Any CPU.ActiveCfg = Debug|Any CPU
		{E04FD13F-DF95-4FD2-BD20-62CDF247A598}.Debug|Any CPU.Build.0 = Debug|Any CPU
		{E04FD13F-DF95-4FD2-BD20-62CDF247A598}.Release|Any CPU.ActiveCfg = Release|Any CPU
		{E04FD13F-DF95-4FD2-BD20-62CDF247A598}.Release|Any CPU.Build.0 = Release|Any CPU
		{14427808-8E06-41A9-930C-177D2654B696}.Debug|Any CPU.ActiveCfg = Debug|Any CPU
		{14427808-8E06-41A9-930C-177D2654B696}.Debug|Any CPU.Build.0 = Debug|Any CPU
		{14427808-8E06-41A9-930C-177D2654B696}.Release|Any CPU.ActiveCfg = Release|Any CPU
		{14427808-8E06-41A9-930C-177D2654B696}.Release|Any CPU.Build.0 = Release|Any CPU
		{8DBD27B5-F613-486B-88B2-3E9B27B2A5E6}.Debug|Any CPU.ActiveCfg = Debug|Any CPU
		{8DBD27B5-F613-486B-88B2-3E9B27B2A5E6}.Debug|Any CPU.Build.0 = Debug|Any CPU
		{8DBD27B5-F613-486B-88B2-3E9B27B2A5E6}.Release|Any CPU.ActiveCfg = Release|Any CPU
		{8DBD27B5-F613-486B-88B2-3E9B27B2A5E6}.Release|Any CPU.Build.0 = Release|Any CPU
	EndGlobalSection
	GlobalSection(SolutionProperties) = preSolution
		HideSolutionNode = FALSE
	EndGlobalSection
	GlobalSection(ExtensibilityGlobals) = postSolution
		SolutionGuid = {B38B6FB9-AB23-44BC-91FD-ACBF90C59C4E}
	EndGlobalSection
EndGlobal
